
Microsoft Visual Studio Solution File, Format Version 12.00
# Visual Studio Version 16
VisualStudioVersion = 16.0.31402.337
MinimumVisualStudioVersion = 10.0.40219.1
Project("{FAE04EC0-301F-11D3-BF4B-00C04F79EFBC}") = "ServiceRequest.UWP", "ServiceRequest\ServiceRequest.UWP\ServiceRequest.UWP.csproj", "{A17EDB5E-AF18-4CB9-ACB6-19CF20AE1DAF}"
EndProject
Project("{FAE04EC0-301F-11D3-BF4B-00C04F79EFBC}") = "ServiceRequest.Android", "ServiceRequest\ServiceRequest.Android\ServiceRequest.Android.csproj", "{991CD843-40D1-40F6-BA25-39D1AF240378}"
EndProject
Project("{FAE04EC0-301F-11D3-BF4B-00C04F79EFBC}") = "ServiceRequest.iOS", "ServiceRequest\ServiceRequest.iOS\ServiceRequest.iOS.csproj", "{6A9FE6BB-AC5A-4B58-B5B1-3F64067BAD39}"
EndProject
Project("{FAE04EC0-301F-11D3-BF4B-00C04F79EFBC}") = "ServiceRequest", "ServiceRequest\ServiceRequest\ServiceRequest.csproj", "{C5A88B48-B106-4B5E-BD86-2E296AF20EB3}"
EndProject
Global
	GlobalSection(SolutionConfigurationPlatforms) = preSolution
		Debug|Any CPU = Debug|Any CPU
		Debug|ARM = Debug|ARM
		Debug|iPhone = Debug|iPhone
		Debug|iPhoneSimulator = Debug|iPhoneSimulator
		Debug|x64 = Debug|x64
		Debug|x86 = Debug|x86
		Release|Any CPU = Release|Any CPU
		Release|ARM = Release|ARM
		Release|iPhone = Release|iPhone
		Release|iPhoneSimulator = Release|iPhoneSimulator
		Release|x64 = Release|x64
		Release|x86 = Release|x86
	EndGlobalSection
	GlobalSection(ProjectConfigurationPlatforms) = postSolution
		{A17EDB5E-AF18-4CB9-ACB6-19CF20AE1DAF}.Debug|Any CPU.ActiveCfg = Debug|x86
		{A17EDB5E-AF18-4CB9-ACB6-19CF20AE1DAF}.Debug|Any CPU.Build.0 = Debug|x86
		{A17EDB5E-AF18-4CB9-ACB6-19CF20AE1DAF}.Debug|Any CPU.Deploy.0 = Debug|x86
		{A17EDB5E-AF18-4CB9-ACB6-19CF20AE1DAF}.Debug|ARM.ActiveCfg = Debug|ARM
		{A17EDB5E-AF18-4CB9-ACB6-19CF20AE1DAF}.Debug|ARM.Build.0 = Debug|ARM
		{A17EDB5E-AF18-4CB9-ACB6-19CF20AE1DAF}.Debug|ARM.Deploy.0 = Debug|ARM
		{A17EDB5E-AF18-4CB9-ACB6-19CF20AE1DAF}.Debug|iPhone.ActiveCfg = Debug|x86
		{A17EDB5E-AF18-4CB9-ACB6-19CF20AE1DAF}.Debug|iPhone.Build.0 = Debug|x86
		{A17EDB5E-AF18-4CB9-ACB6-19CF20AE1DAF}.Debug|iPhone.Deploy.0 = Debug|x86
		{A17EDB5E-AF18-4CB9-ACB6-19CF20AE1DAF}.Debug|iPhoneSimulator.ActiveCfg = Debug|x86
		{A17EDB5E-AF18-4CB9-ACB6-19CF20AE1DAF}.Debug|iPhoneSimulator.Build.0 = Debug|x86
		{A17EDB5E-AF18-4CB9-ACB6-19CF20AE1DAF}.Debug|iPhoneSimulator.Deploy.0 = Debug|x86
		{A17EDB5E-AF18-4CB9-ACB6-19CF20AE1DAF}.Debug|x64.ActiveCfg = Debug|x64
		{A17EDB5E-AF18-4CB9-ACB6-19CF20AE1DAF}.Debug|x64.Build.0 = Debug|x64
		{A17EDB5E-AF18-4CB9-ACB6-19CF20AE1DAF}.Debug|x64.Deploy.0 = Debug|x64
		{A17EDB5E-AF18-4CB9-ACB6-19CF20AE1DAF}.Debug|x86.ActiveCfg = Debug|x86
		{A17EDB5E-AF18-4CB9-ACB6-19CF20AE1DAF}.Debug|x86.Build.0 = Debug|x86
		{A17EDB5E-AF18-4CB9-ACB6-19CF20AE1DAF}.Debug|x86.Deploy.0 = Debug|x86
		{A17EDB5E-AF18-4CB9-ACB6-19CF20AE1DAF}.Release|Any CPU.ActiveCfg = Release|x86
		{A17EDB5E-AF18-4CB9-ACB6-19CF20AE1DAF}.Release|Any CPU.Build.0 = Release|x86
		{A17EDB5E-AF18-4CB9-ACB6-19CF20AE1DAF}.Release|Any CPU.Deploy.0 = Release|x86
		{A17EDB5E-AF18-4CB9-ACB6-19CF20AE1DAF}.Release|ARM.ActiveCfg = Release|ARM
		{A17EDB5E-AF18-4CB9-ACB6-19CF20AE1DAF}.Release|ARM.Build.0 = Release|ARM
		{A17EDB5E-AF18-4CB9-ACB6-19CF20AE1DAF}.Release|ARM.Deploy.0 = Release|ARM
		{A17EDB5E-AF18-4CB9-ACB6-19CF20AE1DAF}.Release|iPhone.ActiveCfg = Release|x86
		{A17EDB5E-AF18-4CB9-ACB6-19CF20AE1DAF}.Release|iPhone.Build.0 = Release|x86
		{A17EDB5E-AF18-4CB9-ACB6-19CF20AE1DAF}.Release|iPhone.Deploy.0 = Release|x86
		{A17EDB5E-AF18-4CB9-ACB6-19CF20AE1DAF}.Release|iPhoneSimulator.ActiveCfg = Release|x86
		{A17EDB5E-AF18-4CB9-ACB6-19CF20AE1DAF}.Release|iPhoneSimulator.Build.0 = Release|x86
		{A17EDB5E-AF18-4CB9-ACB6-19CF20AE1DAF}.Release|iPhoneSimulator.Deploy.0 = Release|x86
		{A17EDB5E-AF18-4CB9-ACB6-19CF20AE1DAF}.Release|x64.ActiveCfg = Release|x64
		{A17EDB5E-AF18-4CB9-ACB6-19CF20AE1DAF}.Release|x64.Build.0 = Release|x64
		{A17EDB5E-AF18-4CB9-ACB6-19CF20AE1DAF}.Release|x64.Deploy.0 = Release|x64
		{A17EDB5E-AF18-4CB9-ACB6-19CF20AE1DAF}.Release|x86.ActiveCfg = Release|x86
		{A17EDB5E-AF18-4CB9-ACB6-19CF20AE1DAF}.Release|x86.Build.0 = Release|x86
		{A17EDB5E-AF18-4CB9-ACB6-19CF20AE1DAF}.Release|x86.Deploy.0 = Release|x86
		{991CD843-40D1-40F6-BA25-39D1AF240378}.Debug|Any CPU.ActiveCfg = Debug|Any CPU
		{991CD843-40D1-40F6-BA25-39D1AF240378}.Debug|Any CPU.Build.0 = Debug|Any CPU
		{991CD843-40D1-40F6-BA25-39D1AF240378}.Debug|Any CPU.Deploy.0 = Debug|Any CPU
		{991CD843-40D1-40F6-BA25-39D1AF240378}.Debug|ARM.ActiveCfg = Debug|Any CPU
		{991CD843-40D1-40F6-BA25-39D1AF240378}.Debug|ARM.Build.0 = Debug|Any CPU
		{991CD843-40D1-40F6-BA25-39D1AF240378}.Debug|ARM.Deploy.0 = Debug|Any CPU
		{991CD843-40D1-40F6-BA25-39D1AF240378}.Debug|iPhone.ActiveCfg = Debug|Any CPU
		{991CD843-40D1-40F6-BA25-39D1AF240378}.Debug|iPhone.Build.0 = Debug|Any CPU
		{991CD843-40D1-40F6-BA25-39D1AF240378}.Debug|iPhone.Deploy.0 = Debug|Any CPU
		{991CD843-40D1-40F6-BA25-39D1AF240378}.Debug|iPhoneSimulator.ActiveCfg = Debug|Any CPU
		{991CD843-40D1-40F6-BA25-39D1AF240378}.Debug|iPhoneSimulator.Build.0 = Debug|Any CPU
		{991CD843-40D1-40F6-BA25-39D1AF240378}.Debug|iPhoneSimulator.Deploy.0 = Debug|Any CPU
		{991CD843-40D1-40F6-BA25-39D1AF240378}.Debug|x64.ActiveCfg = Debug|Any CPU
		{991CD843-40D1-40F6-BA25-39D1AF240378}.Debug|x64.Build.0 = Debug|Any CPU
		{991CD843-40D1-40F6-BA25-39D1AF240378}.Debug|x64.Deploy.0 = Debug|Any CPU
		{991CD843-40D1-40F6-BA25-39D1AF240378}.Debug|x86.ActiveCfg = Debug|Any CPU
		{991CD843-40D1-40F6-BA25-39D1AF240378}.Debug|x86.Build.0 = Debug|Any CPU
		{991CD843-40D1-40F6-BA25-39D1AF240378}.Debug|x86.Deploy.0 = Debug|Any CPU
		{991CD843-40D1-40F6-BA25-39D1AF240378}.Release|Any CPU.ActiveCfg = Release|Any CPU
		{991CD843-40D1-40F6-BA25-39D1AF240378}.Release|Any CPU.Build.0 = Release|Any CPU
		{991CD843-40D1-40F6-BA25-39D1AF240378}.Release|Any CPU.Deploy.0 = Release|Any CPU
		{991CD843-40D1-40F6-BA25-39D1AF240378}.Release|ARM.ActiveCfg = Release|Any CPU
		{991CD843-40D1-40F6-BA25-39D1AF240378}.Release|ARM.Build.0 = Release|Any CPU
		{991CD843-40D1-40F6-BA25-39D1AF240378}.Release|ARM.Deploy.0 = Release|Any CPU
		{991CD843-40D1-40F6-BA25-39D1AF240378}.Release|iPhone.ActiveCfg = Release|Any CPU
		{991CD843-40D1-40F6-BA25-39D1AF240378}.Release|iPhone.Build.0 = Release|Any CPU
		{991CD843-40D1-40F6-BA25-39D1AF240378}.Release|iPhone.Deploy.0 = Release|Any CPU
		{991CD843-40D1-40F6-BA25-39D1AF240378}.Release|iPhoneSimulator.ActiveCfg = Release|Any CPU
		{991CD843-40D1-40F6-BA25-39D1AF240378}.Release|iPhoneSimulator.Build.0 = Release|Any CPU
		{991CD843-40D1-40F6-BA25-39D1AF240378}.Release|iPhoneSimulator.Deploy.0 = Release|Any CPU
		{991CD843-40D1-40F6-BA25-39D1AF240378}.Release|x64.ActiveCfg = Release|Any CPU
		{991CD843-40D1-40F6-BA25-39D1AF240378}.Release|x64.Build.0 = Release|Any CPU
		{991CD843-40D1-40F6-BA25-39D1AF240378}.Release|x64.Deploy.0 = Release|Any CPU
		{991CD843-40D1-40F6-BA25-39D1AF240378}.Release|x86.ActiveCfg = Release|Any CPU
		{991CD843-40D1-40F6-BA25-39D1AF240378}.Release|x86.Build.0 = Release|Any CPU
		{991CD843-40D1-40F6-BA25-39D1AF240378}.Release|x86.Deploy.0 = Release|Any CPU
		{6A9FE6BB-AC5A-4B58-B5B1-3F64067BAD39}.Debug|Any CPU.ActiveCfg = Debug|iPhoneSimulator
		{6A9FE6BB-AC5A-4B58-B5B1-3F64067BAD39}.Debug|Any CPU.Build.0 = Debug|iPhoneSimulator
		{6A9FE6BB-AC5A-4B58-B5B1-3F64067BAD39}.Debug|Any CPU.Deploy.0 = Debug|iPhoneSimulator
		{6A9FE6BB-AC5A-4B58-B5B1-3F64067BAD39}.Debug|ARM.ActiveCfg = Debug|iPhone
		{6A9FE6BB-AC5A-4B58-B5B1-3F64067BAD39}.Debug|ARM.Build.0 = Debug|iPhone
		{6A9FE6BB-AC5A-4B58-B5B1-3F64067BAD39}.Debug|ARM.Deploy.0 = Debug|iPhone
		{6A9FE6BB-AC5A-4B58-B5B1-3F64067BAD39}.Debug|iPhone.ActiveCfg = Debug|iPhone
		{6A9FE6BB-AC5A-4B58-B5B1-3F64067BAD39}.Debug|iPhone.Build.0 = Debug|iPhone
		{6A9FE6BB-AC5A-4B58-B5B1-3F64067BAD39}.Debug|iPhone.Deploy.0 = Debug|iPhone
		{6A9FE6BB-AC5A-4B58-B5B1-3F64067BAD39}.Debug|iPhoneSimulator.ActiveCfg = Debug|iPhoneSimulator
		{6A9FE6BB-AC5A-4B58-B5B1-3F64067BAD39}.Debug|iPhoneSimulator.Build.0 = Debug|iPhoneSimulator
		{6A9FE6BB-AC5A-4B58-B5B1-3F64067BAD39}.Debug|iPhoneSimulator.Deploy.0 = Debug|iPhoneSimulator
		{6A9FE6BB-AC5A-4B58-B5B1-3F64067BAD39}.Debug|x64.ActiveCfg = Debug|iPhoneSimulator
		{6A9FE6BB-AC5A-4B58-B5B1-3F64067BAD39}.Debug|x64.Build.0 = Debug|iPhoneSimulator
		{6A9FE6BB-AC5A-4B58-B5B1-3F64067BAD39}.Debug|x64.Deploy.0 = Debug|iPhoneSimulator
		{6A9FE6BB-AC5A-4B58-B5B1-3F64067BAD39}.Debug|x86.ActiveCfg = Debug|iPhoneSimulator
		{6A9FE6BB-AC5A-4B58-B5B1-3F64067BAD39}.Debug|x86.Build.0 = Debug|iPhoneSimulator
		{6A9FE6BB-AC5A-4B58-B5B1-3F64067BAD39}.Debug|x86.Deploy.0 = Debug|iPhoneSimulator
		{6A9FE6BB-AC5A-4B58-B5B1-3F64067BAD39}.Release|Any CPU.ActiveCfg = Release|iPhoneSimulator
		{6A9FE6BB-AC5A-4B58-B5B1-3F64067BAD39}.Release|Any CPU.Build.0 = Release|iPhoneSimulator
		{6A9FE6BB-AC5A-4B58-B5B1-3F64067BAD39}.Release|Any CPU.Deploy.0 = Release|iPhoneSimulator
		{6A9FE6BB-AC5A-4B58-B5B1-3F64067BAD39}.Release|ARM.ActiveCfg = Release|iPhoneSimulator
		{6A9FE6BB-AC5A-4B58-B5B1-3F64067BAD39}.Release|ARM.Build.0 = Release|iPhoneSimulator
		{6A9FE6BB-AC5A-4B58-B5B1-3F64067BAD39}.Release|ARM.Deploy.0 = Release|iPhoneSimulator
		{6A9FE6BB-AC5A-4B58-B5B1-3F64067BAD39}.Release|iPhone.ActiveCfg = Release|iPhone
		{6A9FE6BB-AC5A-4B58-B5B1-3F64067BAD39}.Release|iPhone.Build.0 = Release|iPhone
		{6A9FE6BB-AC5A-4B58-B5B1-3F64067BAD39}.Release|iPhone.Deploy.0 = Release|iPhone
		{6A9FE6BB-AC5A-4B58-B5B1-3F64067BAD39}.Release|iPhoneSimulator.ActiveCfg = Release|iPhoneSimulator
		{6A9FE6BB-AC5A-4B58-B5B1-3F64067BAD39}.Release|iPhoneSimulator.Build.0 = Release|iPhoneSimulator
		{6A9FE6BB-AC5A-4B58-B5B1-3F64067BAD39}.Release|iPhoneSimulator.Deploy.0 = Release|iPhoneSimulator
		{6A9FE6BB-AC5A-4B58-B5B1-3F64067BAD39}.Release|x64.ActiveCfg = Release|iPhoneSimulator
		{6A9FE6BB-AC5A-4B58-B5B1-3F64067BAD39}.Release|x64.Build.0 = Release|iPhoneSimulator
		{6A9FE6BB-AC5A-4B58-B5B1-3F64067BAD39}.Release|x64.Deploy.0 = Release|iPhoneSimulator
		{6A9FE6BB-AC5A-4B58-B5B1-3F64067BAD39}.Release|x86.ActiveCfg = Release|iPhoneSimulator
		{6A9FE6BB-AC5A-4B58-B5B1-3F64067BAD39}.Release|x86.Build.0 = Release|iPhoneSimulator
		{6A9FE6BB-AC5A-4B58-B5B1-3F64067BAD39}.Release|x86.Deploy.0 = Release|iPhoneSimulator
		{C5A88B48-B106-4B5E-BD86-2E296AF20EB3}.Debug|Any CPU.ActiveCfg = Debug|Any CPU
		{C5A88B48-B106-4B5E-BD86-2E296AF20EB3}.Debug|Any CPU.Build.0 = Debug|Any CPU
		{C5A88B48-B106-4B5E-BD86-2E296AF20EB3}.Debug|Any CPU.Deploy.0 = Debug|Any CPU
		{C5A88B48-B106-4B5E-BD86-2E296AF20EB3}.Debug|ARM.ActiveCfg = Debug|Any CPU
		{C5A88B48-B106-4B5E-BD86-2E296AF20EB3}.Debug|ARM.Build.0 = Debug|Any CPU
		{C5A88B48-B106-4B5E-BD86-2E296AF20EB3}.Debug|ARM.Deploy.0 = Debug|Any CPU
		{C5A88B48-B106-4B5E-BD86-2E296AF20EB3}.Debug|iPhone.ActiveCfg = Debug|Any CPU
		{C5A88B48-B106-4B5E-BD86-2E296AF20EB3}.Debug|iPhone.Build.0 = Debug|Any CPU
		{C5A88B48-B106-4B5E-BD86-2E296AF20EB3}.Debug|iPhone.Deploy.0 = Debug|Any CPU
		{C5A88B48-B106-4B5E-BD86-2E296AF20EB3}.Debug|iPhoneSimulator.ActiveCfg = Debug|Any CPU
		{C5A88B48-B106-4B5E-BD86-2E296AF20EB3}.Debug|iPhoneSimulator.Build.0 = Debug|Any CPU
		{C5A88B48-B106-4B5E-BD86-2E296AF20EB3}.Debug|iPhoneSimulator.Deploy.0 = Debug|Any CPU
		{C5A88B48-B106-4B5E-BD86-2E296AF20EB3}.Debug|x64.ActiveCfg = Debug|Any CPU
		{C5A88B48-B106-4B5E-BD86-2E296AF20EB3}.Debug|x64.Build.0 = Debug|Any CPU
		{C5A88B48-B106-4B5E-BD86-2E296AF20EB3}.Debug|x64.Deploy.0 = Debug|Any CPU
		{C5A88B48-B106-4B5E-BD86-2E296AF20EB3}.Debug|x86.ActiveCfg = Debug|Any CPU
		{C5A88B48-B106-4B5E-BD86-2E296AF20EB3}.Debug|x86.Build.0 = Debug|Any CPU
		{C5A88B48-B106-4B5E-BD86-2E296AF20EB3}.Debug|x86.Deploy.0 = Debug|Any CPU
		{C5A88B48-B106-4B5E-BD86-2E296AF20EB3}.Release|Any CPU.ActiveCfg = Release|Any CPU
		{C5A88B48-B106-4B5E-BD86-2E296AF20EB3}.Release|Any CPU.Build.0 = Release|Any CPU
		{C5A88B48-B106-4B5E-BD86-2E296AF20EB3}.Release|Any CPU.Deploy.0 = Release|Any CPU
		{C5A88B48-B106-4B5E-BD86-2E296AF20EB3}.Release|ARM.ActiveCfg = Release|Any CPU
		{C5A88B48-B106-4B5E-BD86-2E296AF20EB3}.Release|ARM.Build.0 = Release|Any CPU
		{C5A88B48-B106-4B5E-BD86-2E296AF20EB3}.Release|ARM.Deploy.0 = Release|Any CPU
		{C5A88B48-B106-4B5E-BD86-2E296AF20EB3}.Release|iPhone.ActiveCfg = Release|Any CPU
		{C5A88B48-B106-4B5E-BD86-2E296AF20EB3}.Release|iPhone.Build.0 = Release|Any CPU
		{C5A88B48-B106-4B5E-BD86-2E296AF20EB3}.Release|iPhone.Deploy.0 = Release|Any CPU
		{C5A88B48-B106-4B5E-BD86-2E296AF20EB3}.Release|iPhoneSimulator.ActiveCfg = Release|Any CPU
		{C5A88B48-B106-4B5E-BD86-2E296AF20EB3}.Release|iPhoneSimulator.Build.0 = Release|Any CPU
		{C5A88B48-B106-4B5E-BD86-2E296AF20EB3}.Release|iPhoneSimulator.Deploy.0 = Release|Any CPU
		{C5A88B48-B106-4B5E-BD86-2E296AF20EB3}.Release|x64.ActiveCfg = Release|Any CPU
		{C5A88B48-B106-4B5E-BD86-2E296AF20EB3}.Release|x64.Build.0 = Release|Any CPU
		{C5A88B48-B106-4B5E-BD86-2E296AF20EB3}.Release|x64.Deploy.0 = Release|Any CPU
		{C5A88B48-B106-4B5E-BD86-2E296AF20EB3}.Release|x86.ActiveCfg = Release|Any CPU
		{C5A88B48-B106-4B5E-BD86-2E296AF20EB3}.Release|x86.Build.0 = Release|Any CPU
		{C5A88B48-B106-4B5E-BD86-2E296AF20EB3}.Release|x86.Deploy.0 = Release|Any CPU
	EndGlobalSection
	GlobalSection(SolutionProperties) = preSolution
		HideSolutionNode = FALSE
	EndGlobalSection
	GlobalSection(ExtensibilityGlobals) = postSolution
		SolutionGuid = {BB93A677-5B2F-4967-A8E3-70DECBC1A4AB}
	EndGlobalSection
EndGlobal
